// !$*UTF8*$!
{
	archiveVersion = 1;
	classes = {
	};
	objectVersion = 56;
	objects = {

/* Begin PBXBuildFile section */
		692A83ADB172205C365BF30B /* Pods_RandomPhoto.framework in Frameworks */ = {isa = PBXBuildFile; fileRef = 434BB73154378AAF2CD78EEF /* Pods_RandomPhoto.framework */; };
		FE0B3CA629707FE500F05456 /* GoogleService-Info.plist in Resources */ = {isa = PBXBuildFile; fileRef = FE0B3CA529707FE500F05456 /* GoogleService-Info.plist */; };
		FE1DB060296F584200D837A6 /* WallController.swift in Sources */ = {isa = PBXBuildFile; fileRef = FE1DB05F296F584200D837A6 /* WallController.swift */; };
		FE7FB65429202AD500C8FA79 /* AppDelegate.swift in Sources */ = {isa = PBXBuildFile; fileRef = FE7FB65329202AD500C8FA79 /* AppDelegate.swift */; };
		FE7FB65629202AD500C8FA79 /* SceneDelegate.swift in Sources */ = {isa = PBXBuildFile; fileRef = FE7FB65529202AD500C8FA79 /* SceneDelegate.swift */; };
		FE7FB65829202AD500C8FA79 /* ViewController.swift in Sources */ = {isa = PBXBuildFile; fileRef = FE7FB65729202AD500C8FA79 /* ViewController.swift */; };
		FE7FB65B29202AD500C8FA79 /* Main.storyboard in Resources */ = {isa = PBXBuildFile; fileRef = FE7FB65929202AD500C8FA79 /* Main.storyboard */; };
		FE7FB65D29202AD900C8FA79 /* Assets.xcassets in Resources */ = {isa = PBXBuildFile; fileRef = FE7FB65C29202AD900C8FA79 /* Assets.xcassets */; };
		FE7FB66029202AD900C8FA79 /* LaunchScreen.storyboard in Resources */ = {isa = PBXBuildFile; fileRef = FE7FB65E29202AD900C8FA79 /* LaunchScreen.storyboard */; };
/* End PBXBuildFile section */

/* Begin PBXFileReference section */
		403171E729960EC045DF2955 /* Pods-RandomPhoto.release.xcconfig */ = {isa = PBXFileReference; includeInIndex = 1; lastKnownFileType = text.xcconfig; name = "Pods-RandomPhoto.release.xcconfig"; path = "Target Support Files/Pods-RandomPhoto/Pods-RandomPhoto.release.xcconfig"; sourceTree = "<group>"; };
		434BB73154378AAF2CD78EEF /* Pods_RandomPhoto.framework */ = {isa = PBXFileReference; explicitFileType = wrapper.framework; includeInIndex = 0; path = Pods_RandomPhoto.framework; sourceTree = BUILT_PRODUCTS_DIR; };
		71AC00AC4E44ACB24A4A54A7 /* Pods-RandomPhoto.debug.xcconfig */ = {isa = PBXFileReference; includeInIndex = 1; lastKnownFileType = text.xcconfig; name = "Pods-RandomPhoto.debug.xcconfig"; path = "Target Support Files/Pods-RandomPhoto/Pods-RandomPhoto.debug.xcconfig"; sourceTree = "<group>"; };
		FE0B3CA529707FE500F05456 /* GoogleService-Info.plist */ = {isa = PBXFileReference; fileEncoding = 4; lastKnownFileType = text.plist.xml; path = "GoogleService-Info.plist"; sourceTree = "<group>"; };
		FE1DB05F296F584200D837A6 /* WallController.swift */ = {isa = PBXFileReference; lastKnownFileType = sourcecode.swift; path = WallController.swift; sourceTree = "<group>"; };
		FE7FB65029202AD500C8FA79 /* RandomPhoto.app */ = {isa = PBXFileReference; explicitFileType = wrapper.application; includeInIndex = 0; path = RandomPhoto.app; sourceTree = BUILT_PRODUCTS_DIR; };
		FE7FB65329202AD500C8FA79 /* AppDelegate.swift */ = {isa = PBXFileReference; lastKnownFileType = sourcecode.swift; path = AppDelegate.swift; sourceTree = "<group>"; };
		FE7FB65529202AD500C8FA79 /* SceneDelegate.swift */ = {isa = PBXFileReference; lastKnownFileType = sourcecode.swift; path = SceneDelegate.swift; sourceTree = "<group>"; };
		FE7FB65729202AD500C8FA79 /* ViewController.swift */ = {isa = PBXFileReference; lastKnownFileType = sourcecode.swift; path = ViewController.swift; sourceTree = "<group>"; };
		FE7FB65A29202AD500C8FA79 /* Base */ = {isa = PBXFileReference; lastKnownFileType = file.storyboard; name = Base; path = Base.lproj/Main.storyboard; sourceTree = "<group>"; };
		FE7FB65C29202AD900C8FA79 /* Assets.xcassets */ = {isa = PBXFileReference; lastKnownFileType = folder.assetcatalog; path = Assets.xcassets; sourceTree = "<group>"; };
		FE7FB65F29202AD900C8FA79 /* Base */ = {isa = PBXFileReference; lastKnownFileType = file.storyboard; name = Base; path = Base.lproj/LaunchScreen.storyboard; sourceTree = "<group>"; };
		FE7FB66129202AD900C8FA79 /* Info.plist */ = {isa = PBXFileReference; lastKnownFileType = text.plist.xml; path = Info.plist; sourceTree = "<group>"; };
/* End PBXFileReference section */

/* Begin PBXFrameworksBuildPhase section */
		FE7FB64D29202AD500C8FA79 /* Frameworks */ = {
			isa = PBXFrameworksBuildPhase;
			buildActionMask = 2147483647;
			files = (
				692A83ADB172205C365BF30B /* Pods_RandomPhoto.framework in Frameworks */,
			);
			runOnlyForDeploymentPostprocessing = 0;
		};
/* End PBXFrameworksBuildPhase section */

/* Begin PBXGroup section */
		1D16DAE7DF1D29494D8A1D43 /* Pods */ = {
			isa = PBXGroup;
			children = (
				71AC00AC4E44ACB24A4A54A7 /* Pods-RandomPhoto.debug.xcconfig */,
				403171E729960EC045DF2955 /* Pods-RandomPhoto.release.xcconfig */,
			);
			path = Pods;
			sourceTree = "<group>";
		};
		ED4E41D8A31803CC069DE938 /* Frameworks */ = {
			isa = PBXGroup;
			children = (
				434BB73154378AAF2CD78EEF /* Pods_RandomPhoto.framework */,
			);
			name = Frameworks;
			sourceTree = "<group>";
		};
		FE7FB64729202AD500C8FA79 = {
			isa = PBXGroup;
			children = (
				FE7FB65229202AD500C8FA79 /* RandomPhoto */,
				FE7FB65129202AD500C8FA79 /* Products */,
				1D16DAE7DF1D29494D8A1D43 /* Pods */,
				ED4E41D8A31803CC069DE938 /* Frameworks */,
			);
			sourceTree = "<group>";
		};
		FE7FB65129202AD500C8FA79 /* Products */ = {
			isa = PBXGroup;
			children = (
				FE7FB65029202AD500C8FA79 /* RandomPhoto.app */,
			);
			name = Products;
			sourceTree = "<group>";
		};
		FE7FB65229202AD500C8FA79 /* RandomPhoto */ = {
			isa = PBXGroup;
			children = (
				FE0B3CA529707FE500F05456 /* GoogleService-Info.plist */,
				FE7FB65329202AD500C8FA79 /* AppDelegate.swift */,
				FE7FB65529202AD500C8FA79 /* SceneDelegate.swift */,
				FE1DB05F296F584200D837A6 /* WallController.swift */,
				FE7FB65729202AD500C8FA79 /* ViewController.swift */,
				FE7FB65929202AD500C8FA79 /* Main.storyboard */,
				FE7FB65C29202AD900C8FA79 /* Assets.xcassets */,
				FE7FB65E29202AD900C8FA79 /* LaunchScreen.storyboard */,
				FE7FB66129202AD900C8FA79 /* Info.plist */,
			);
			path = RandomPhoto;
			sourceTree = "<group>";
		};
/* End PBXGroup section */

/* Begin PBXNativeTarget section */
		FE7FB64F29202AD500C8FA79 /* RandomPhoto */ = {
			isa = PBXNativeTarget;
			buildConfigurationList = FE7FB66429202AD900C8FA79 /* Build configuration list for PBXNativeTarget "RandomPhoto" */;
			buildPhases = (
				A6F93669C0BD718698E67990 /* [CP] Check Pods Manifest.lock */,
				FE7FB64C29202AD500C8FA79 /* Sources */,
				FE7FB64D29202AD500C8FA79 /* Frameworks */,
				FE7FB64E29202AD500C8FA79 /* Resources */,
				4BEBBF78E80EB5F95240646F /* [CP] Embed Pods Frameworks */,
			);
			buildRules = (
			);
			dependencies = (
			);
			name = RandomPhoto;
			productName = RandomPhoto;
			productReference = FE7FB65029202AD500C8FA79 /* RandomPhoto.app */;
			productType = "com.apple.product-type.application";
		};
/* End PBXNativeTarget section */

/* Begin PBXProject section */
		FE7FB64829202AD500C8FA79 /* Project object */ = {
			isa = PBXProject;
			attributes = {
				BuildIndependentTargetsInParallel = 1;
				LastSwiftUpdateCheck = 1410;
				LastUpgradeCheck = 1410;
				TargetAttributes = {
					FE7FB64F29202AD500C8FA79 = {
						CreatedOnToolsVersion = 14.1;
					};
				};
			};
			buildConfigurationList = FE7FB64B29202AD500C8FA79 /* Build configuration list for PBXProject "RandomPhoto" */;
			compatibilityVersion = "Xcode 14.0";
			developmentRegion = en;
			hasScannedForEncodings = 0;
			knownRegions = (
				en,
				Base,
			);
			mainGroup = FE7FB64729202AD500C8FA79;
			productRefGroup = FE7FB65129202AD500C8FA79 /* Products */;
			projectDirPath = "";
			projectRoot = "";
			targets = (
				FE7FB64F29202AD500C8FA79 /* RandomPhoto */,
			);
		};
/* End PBXProject section */

/* Begin PBXResourcesBuildPhase section */
		FE7FB64E29202AD500C8FA79 /* Resources */ = {
			isa = PBXResourcesBuildPhase;
			buildActionMask = 2147483647;
			files = (
				FE7FB66029202AD900C8FA79 /* LaunchScreen.storyboard in Resources */,
				FE0B3CA629707FE500F05456 /* GoogleService-Info.plist in Resources */,
				FE7FB65D29202AD900C8FA79 /* Assets.xcassets in Resources */,
				FE7FB65B29202AD500C8FA79 /* Main.storyboard in Resources */,
			);
			runOnlyForDeploymentPostprocessing = 0;
		};
/* End PBXResourcesBuildPhase section */

/* Begin PBXShellScriptBuildPhase section */
		4BEBBF78E80EB5F95240646F /* [CP] Embed Pods Frameworks */ = {
			isa = PBXShellScriptBuildPhase;
			buildActionMask = 2147483647;
			files = (
			);
			inputFileListPaths = (
				"${PODS_ROOT}/Target Support Files/Pods-RandomPhoto/Pods-RandomPhoto-frameworks-${CONFIGURATION}-input-files.xcfilelist",
			);
			name = "[CP] Embed Pods Frameworks";
			outputFileListPaths = (
				"${PODS_ROOT}/Target Support Files/Pods-RandomPhoto/Pods-RandomPhoto-frameworks-${CONFIGURATION}-output-files.xcfilelist",
			);
			runOnlyForDeploymentPostprocessing = 0;
			shellPath = /bin/sh;
			shellScript = "\"${PODS_ROOT}/Target Support Files/Pods-RandomPhoto/Pods-RandomPhoto-frameworks.sh\"\n";
			showEnvVarsInLog = 0;
		};
		A6F93669C0BD718698E67990 /* [CP] Check Pods Manifest.lock */ = {
			isa = PBXShellScriptBuildPhase;
			buildActionMask = 2147483647;
			files = (
			);
			inputFileListPaths = (
			);
			inputPaths = (
				"${PODS_PODFILE_DIR_PATH}/Podfile.lock",
				"${PODS_ROOT}/Manifest.lock",
			);
			name = "[CP] Check Pods Manifest.lock";
			outputFileListPaths = (
			);
			outputPaths = (
				"$(DERIVED_FILE_DIR)/Pods-RandomPhoto-checkManifestLockResult.txt",
			);
			runOnlyForDeploymentPostprocessing = 0;
			shellPath = /bin/sh;
			shellScript = "diff \"${PODS_PODFILE_DIR_PATH}/Podfile.lock\" \"${PODS_ROOT}/Manifest.lock\" > /dev/null\nif [ $? != 0 ] ; then\n    # print error to STDERR\n    echo \"error: The sandbox is not in sync with the Podfile.lock. Run 'pod install' or update your CocoaPods installation.\" >&2\n    exit 1\nfi\n# This output is used by Xcode 'outputs' to avoid re-running this script phase.\necho \"SUCCESS\" > \"${SCRIPT_OUTPUT_FILE_0}\"\n";
			showEnvVarsInLog = 0;
		};
/* End PBXShellScriptBuildPhase section */

/* Begin PBXSourcesBuildPhase section */
		FE7FB64C29202AD500C8FA79 /* Sources */ = {
			isa = PBXSourcesBuildPhase;
			buildActionMask = 2147483647;
			files = (
				FE7FB65829202AD500C8FA79 /* ViewController.swift in Sources */,
				FE7FB65429202AD500C8FA79 /* AppDelegate.swift in Sources */,
				FE7FB65629202AD500C8FA79 /* SceneDelegate.swift in Sources */,
				FE1DB060296F584200D837A6 /* WallController.swift in Sources */,
			);
			runOnlyForDeploymentPostprocessing = 0;
		};
/* End PBXSourcesBuildPhase section */

/* Begin PBXVariantGroup section */
		FE7FB65929202AD500C8FA79 /* Main.storyboard */ = {
			isa = PBXVariantGroup;
			children = (
				FE7FB65A29202AD500C8FA79 /* Base */,
			);
			name = Main.storyboard;
			sourceTree = "<group>";
		};
		FE7FB65E29202AD900C8FA79 /* LaunchScreen.storyboard */ = {
			isa = PBXVariantGroup;
			children = (
				FE7FB65F29202AD900C8FA79 /* Base */,
			);
			name = LaunchScreen.storyboard;
			sourceTree = "<group>";
		};
/* End PBXVariantGroup section */

/* Begin XCBuildConfiguration section */
		FE7FB66229202AD900C8FA79 /* Debug */ = {
			isa = XCBuildConfiguration;
			buildSettings = {
				ALWAYS_SEARCH_USER_PATHS = NO;
				CLANG_ANALYZER_NONNULL = YES;
				CLANG_ANALYZER_NUMBER_OBJECT_CONVERSION = YES_AGGRESSIVE;
				CLANG_CXX_LANGUAGE_STANDARD = "gnu++20";
				CLANG_ENABLE_MODULES = YES;
				CLANG_ENABLE_OBJC_ARC = YES;
				CLANG_ENABLE_OBJC_WEAK = YES;
				CLANG_WARN_BLOCK_CAPTURE_AUTORELEASING = YES;
				CLANG_WARN_BOOL_CONVERSION = YES;
				CLANG_WARN_COMMA = YES;
				CLANG_WARN_CONSTANT_CONVERSION = YES;
				CLANG_WARN_DEPRECATED_OBJC_IMPLEMENTATIONS = YES;
				CLANG_WARN_DIRECT_OBJC_ISA_USAGE = YES_ERROR;
				CLANG_WARN_DOCUMENTATION_COMMENTS = YES;
				CLANG_WARN_EMPTY_BODY = YES;
				CLANG_WARN_ENUM_CONVERSION = YES;
				CLANG_WARN_INFINITE_RECURSION = YES;
				CLANG_WARN_INT_CONVERSION = YES;
				CLANG_WARN_NON_LITERAL_NULL_CONVERSION = YES;
				CLANG_WARN_OBJC_IMPLICIT_RETAIN_SELF = YES;
				CLANG_WARN_OBJC_LITERAL_CONVERSION = YES;
				CLANG_WARN_OBJC_ROOT_CLASS = YES_ERROR;
				CLANG_WARN_QUOTED_INCLUDE_IN_FRAMEWORK_HEADER = YES;
				CLANG_WARN_RANGE_LOOP_ANALYSIS = YES;
				CLANG_WARN_STRICT_PROTOTYPES = YES;
				CLANG_WARN_SUSPICIOUS_MOVE = YES;
				CLANG_WARN_UNGUARDED_AVAILABILITY = YES_AGGRESSIVE;
				CLANG_WARN_UNREACHABLE_CODE = YES;
				CLANG_WARN__DUPLICATE_METHOD_MATCH = YES;
				COPY_PHASE_STRIP = NO;
				DEBUG_INFORMATION_FORMAT = dwarf;
				ENABLE_STRICT_OBJC_MSGSEND = YES;
				ENABLE_TESTABILITY = YES;
				GCC_C_LANGUAGE_STANDARD = gnu11;
				GCC_DYNAMIC_NO_PIC = NO;
				GCC_NO_COMMON_BLOCKS = YES;
				GCC_OPTIMIZATION_LEVEL = 0;
				GCC_PREPROCESSOR_DEFINITIONS = (
					"DEBUG=1",
					"$(inherited)",
				);
				GCC_WARN_64_TO_32_BIT_CONVERSION = YES;
				GCC_WARN_ABOUT_RETURN_TYPE = YES_ERROR;
				GCC_WARN_UNDECLARED_SELECTOR = YES;
				GCC_WARN_UNINITIALIZED_AUTOS = YES_AGGRESSIVE;
				GCC_WARN_UNUSED_FUNCTION = YES;
				GCC_WARN_UNUSED_VARIABLE = YES;
				IPHONEOS_DEPLOYMENT_TARGET = 16.1;
				MTL_ENABLE_DEBUG_INFO = INCLUDE_SOURCE;
				MTL_FAST_MATH = YES;
				ONLY_ACTIVE_ARCH = YES;
				SDKROOT = iphoneos;
				SWIFT_ACTIVE_COMPILATION_CONDITIONS = DEBUG;
				SWIFT_OPTIMIZATION_LEVEL = "-Onone";
			};
			name = Debug;
		};
		FE7FB66329202AD900C8FA79 /* Release */ = {
			isa = XCBuildConfiguration;
			buildSettings = {
				ALWAYS_SEARCH_USER_PATHS = NO;
				CLANG_ANALYZER_NONNULL = YES;
				CLANG_ANALYZER_NUMBER_OBJECT_CONVERSION = YES_AGGRESSIVE;
				CLANG_CXX_LANGUAGE_STANDARD = "gnu++20";
				CLANG_ENABLE_MODULES = YES;
				CLANG_ENABLE_OBJC_ARC = YES;
				CLANG_ENABLE_OBJC_WEAK = YES;
				CLANG_WARN_BLOCK_CAPTURE_AUTORELEASING = YES;
				CLANG_WARN_BOOL_CONVERSION = YES;
				CLANG_WARN_COMMA = YES;
				CLANG_WARN_CONSTANT_CONVERSION = YES;
				CLANG_WARN_DEPRECATED_OBJC_IMPLEMENTATIONS = YES;
				CLANG_WARN_DIRECT_OBJC_ISA_USAGE = YES_ERROR;
				CLANG_WARN_DOCUMENTATION_COMMENTS = YES;
				CLANG_WARN_EMPTY_BODY = YES;
				CLANG_WARN_ENUM_CONVERSION = YES;
				CLANG_WARN_INFINITE_RECURSION = YES;
				CLANG_WARN_INT_CONVERSION = YES;
				CLANG_WARN_NON_LITERAL_NULL_CONVERSION = YES;
				CLANG_WARN_OBJC_IMPLICIT_RETAIN_SELF = YES;
				CLANG_WARN_OBJC_LITERAL_CONVERSION = YES;
				CLANG_WARN_OBJC_ROOT_CLASS = YES_ERROR;
				CLANG_WARN_QUOTED_INCLUDE_IN_FRAMEWORK_HEADER = YES;
				CLANG_WARN_RANGE_LOOP_ANALYSIS = YES;
				CLANG_WARN_STRICT_PROTOTYPES = YES;
				CLANG_WARN_SUSPICIOUS_MOVE = YES;
				CLANG_WARN_UNGUARDED_AVAILABILITY = YES_AGGRESSIVE;
				CLANG_WARN_UNREACHABLE_CODE = YES;
				CLANG_WARN__DUPLICATE_METHOD_MATCH = YES;
				COPY_PHASE_STRIP = NO;
				DEBUG_INFORMATION_FORMAT = "dwarf-with-dsym";
				ENABLE_NS_ASSERTIONS = NO;
				ENABLE_STRICT_OBJC_MSGSEND = YES;
				GCC_C_LANGUAGE_STANDARD = gnu11;
				GCC_NO_COMMON_BLOCKS = YES;
				GCC_WARN_64_TO_32_BIT_CONVERSION = YES;
				GCC_WARN_ABOUT_RETURN_TYPE = YES_ERROR;
				GCC_WARN_UNDECLARED_SELECTOR = YES;
				GCC_WARN_UNINITIALIZED_AUTOS = YES_AGGRESSIVE;
				GCC_WARN_UNUSED_FUNCTION = YES;
				GCC_WARN_UNUSED_VARIABLE = YES;
				IPHONEOS_DEPLOYMENT_TARGET = 16.1;
				MTL_ENABLE_DEBUG_INFO = NO;
				MTL_FAST_MATH = YES;
				SDKROOT = iphoneos;
				SWIFT_COMPILATION_MODE = wholemodule;
				SWIFT_OPTIMIZATION_LEVEL = "-O";
				VALIDATE_PRODUCT = YES;
			};
			name = Release;
		};
		FE7FB66529202AD900C8FA79 /* Debug */ = {
			isa = XCBuildConfiguration;
			baseConfigurationReference = 71AC00AC4E44ACB24A4A54A7 /* Pods-RandomPhoto.debug.xcconfig */;
			buildSettings = {
				ASSETCATALOG_COMPILER_APPICON_NAME = AppIcon;
				ASSETCATALOG_COMPILER_GLOBAL_ACCENT_COLOR_NAME = AccentColor;
				CODE_SIGN_STYLE = Automatic;
				CURRENT_PROJECT_VERSION = 1;
				GENERATE_INFOPLIST_FILE = YES;
				INFOPLIST_FILE = RandomPhoto/Info.plist;
				INFOPLIST_KEY_UIApplicationSupportsIndirectInputEvents = YES;
				INFOPLIST_KEY_UILaunchStoryboardName = LaunchScreen;
				INFOPLIST_KEY_UIMainStoryboardFile = Main;
				INFOPLIST_KEY_UISupportedInterfaceOrientations_iPad = "UIInterfaceOrientationPortrait UIInterfaceOrientationPortraitUpsideDown UIInterfaceOrientationLandscapeLeft UIInterfaceOrientationLandscapeRight";
				INFOPLIST_KEY_UISupportedInterfaceOrientations_iPhone = "UIInterfaceOrientationPortrait UIInterfaceOrientationLandscapeLeft UIInterfaceOrientationLandscapeRight";
				LD_RUNPATH_SEARCH_PATHS = (
					"$(inherited)",
					"@executable_path/Frameworks",
				);
				MARKETING_VERSION = 1.0;
				PRODUCT_BUNDLE_IDENTIFIER = xyz.palmaoff.RandomPhoto;
				PRODUCT_NAME = "$(TARGET_NAME)";
				SWIFT_EMIT_LOC_STRINGS = YES;
				SWIFT_VERSION = 5.0;
				TARGETED_DEVICE_FAMILY = "1,2";
			};
			name = Debug;
		};
		FE7FB66629202AD900C8FA79 /* Release */ = {
			isa = XCBuildConfiguration;
			baseConfigurationReference = 403171E729960EC045DF2955 /* Pods-RandomPhoto.release.xcconfig */;
			buildSettings = {
				ASSETCATALOG_COMPILER_APPICON_NAME = AppIcon;
				ASSETCATALOG_COMPILER_GLOBAL_ACCENT_COLOR_NAME = AccentColor;
				CODE_SIGN_STYLE = Automatic;
				CURRENT_PROJECT_VERSION = 1;
				GENERATE_INFOPLIST_FILE = YES;
				INFOPLIST_FILE = RandomPhoto/Info.plist;
				INFOPLIST_KEY_UIApplicationSupportsIndirectInputEvents = YES;
				INFOPLIST_KEY_UILaunchStoryboardName = LaunchScreen;
				INFOPLIST_KEY_UIMainStoryboardFile = Main;
				INFOPLIST_KEY_UISupportedInterfaceOrientations_iPad = "UIInterfaceOrientationPortrait UIInterfaceOrientationPortraitUpsideDown UIInterfaceOrientationLandscapeLeft UIInterfaceOrientationLandscapeRight";
				INFOPLIST_KEY_UISupportedInterfaceOrientations_iPhone = "UIInterfaceOrientationPortrait UIInterfaceOrientationLandscapeLeft UIInterfaceOrientationLandscapeRight";
				LD_RUNPATH_SEARCH_PATHS = (
					"$(inherited)",
					"@executable_path/Frameworks",
				);
				MARKETING_VERSION = 1.0;
				PRODUCT_BUNDLE_IDENTIFIER = xyz.palmaoff.RandomPhoto;
				PRODUCT_NAME = "$(TARGET_NAME)";
				SWIFT_EMIT_LOC_STRINGS = YES;
				SWIFT_VERSION = 5.0;
				TARGETED_DEVICE_FAMILY = "1,2";
			};
			name = Release;
		};
/* End XCBuildConfiguration section */

/* Begin XCConfigurationList section */
		FE7FB64B29202AD500C8FA79 /* Build configuration list for PBXProject "RandomPhoto" */ = {
			isa = XCConfigurationList;
			buildConfigurations = (
				FE7FB66229202AD900C8FA79 /* Debug */,
				FE7FB66329202AD900C8FA79 /* Release */,
			);
			defaultConfigurationIsVisible = 0;
			defaultConfigurationName = Release;
		};
		FE7FB66429202AD900C8FA79 /* Build configuration list for PBXNativeTarget "RandomPhoto" */ = {
			isa = XCConfigurationList;
			buildConfigurations = (
				FE7FB66529202AD900C8FA79 /* Debug */,
				FE7FB66629202AD900C8FA79 /* Release */,
			);
			defaultConfigurationIsVisible = 0;
			defaultConfigurationName = Release;
		};
/* End XCConfigurationList section */
	};
	rootObject = FE7FB64829202AD500C8FA79 /* Project object */;
}
